
Microsoft Visual Studio Solution File, Format Version 12.00
# Visual Studio Version 17
VisualStudioVersion = 17.14.36511.14 d17.14
MinimumVisualStudioVersion = 10.0.40219.1
Project("{FAE04EC0-301F-11D3-BF4B-00C04F79EFBC}") = "sem3laba3", "sem3laba3.csproj", "{037DDAB1-6D76-9301-16B4-F83ABD7E184A}"
EndProject
Global
	GlobalSection(SolutionConfigurationPlatforms) = preSolution
		Debug|Any CPU = Debug|Any CPU
		Release|Any CPU = Release|Any CPU
	EndGlobalSection
	GlobalSection(ProjectConfigurationPlatforms) = postSolution
		{037DDAB1-6D76-9301-16B4-F83ABD7E184A}.Debug|Any CPU.ActiveCfg = Debug|Any CPU
		{037DDAB1-6D76-9301-16B4-F83ABD7E184A}.Debug|Any CPU.Build.0 = Debug|Any CPU
		{037DDAB1-6D76-9301-16B4-F83ABD7E184A}.Release|Any CPU.ActiveCfg = Release|Any CPU
		{037DDAB1-6D76-9301-16B4-F83ABD7E184A}.Release|Any CPU.Build.0 = Release|Any CPU
	EndGlobalSection
	GlobalSection(SolutionProperties) = preSolution
		HideSolutionNode = FALSE
	EndGlobalSection
	GlobalSection(ExtensibilityGlobals) = postSolution
		SolutionGuid = {CF7A9B76-D262-47CB-8CC0-EAFEEE95475A}
	EndGlobalSection
EndGlobal
