
Microsoft Visual Studio Solution File, Format Version 12.00
# Visual Studio Version 17
VisualStudioVersion = 17.14.36511.14 d17.14
MinimumVisualStudioVersion = 10.0.40219.1
Project("{FAE04EC0-301F-11D3-BF4B-00C04F79EFBC}") = "sem3laba3", "sem3laba3.csproj", "{9F6B9BF5-2767-44D5-9D56-2CE9B6D7F0FA}"
EndProject
Global
	GlobalSection(SolutionConfigurationPlatforms) = preSolution
		Debug|Any CPU = Debug|Any CPU
		Release|Any CPU = Release|Any CPU
	EndGlobalSection
	GlobalSection(ProjectConfigurationPlatforms) = postSolution
		{9F6B9BF5-2767-44D5-9D56-2CE9B6D7F0FA}.Debug|Any CPU.ActiveCfg = Debug|Any CPU
		{9F6B9BF5-2767-44D5-9D56-2CE9B6D7F0FA}.Debug|Any CPU.Build.0 = Debug|Any CPU
		{9F6B9BF5-2767-44D5-9D56-2CE9B6D7F0FA}.Release|Any CPU.ActiveCfg = Release|Any CPU
		{9F6B9BF5-2767-44D5-9D56-2CE9B6D7F0FA}.Release|Any CPU.Build.0 = Release|Any CPU
	EndGlobalSection
	GlobalSection(SolutionProperties) = preSolution
		HideSolutionNode = FALSE
	EndGlobalSection
	GlobalSection(ExtensibilityGlobals) = postSolution
		SolutionGuid = {6575743A-613E-4B70-BEF3-48C2D059F46E}
	EndGlobalSection
EndGlobal
